// !$*UTF8*$!
{
	archiveVersion = 1;
	classes = {
	};
	objectVersion = 46;
	objects = {

/* Begin PBXBuildFile section */
		03850BA21DF91D03004FB375 /* main.m in Sources */ = {isa = PBXBuildFile; fileRef = 03850BA11DF91D03004FB375 /* main.m */; };
		03850BA51DF91D03004FB375 /* AppDelegate.m in Sources */ = {isa = PBXBuildFile; fileRef = 03850BA41DF91D03004FB375 /* AppDelegate.m */; };
		03850BA81DF91D03004FB375 /* ViewController.m in Sources */ = {isa = PBXBuildFile; fileRef = 03850BA71DF91D03004FB375 /* ViewController.m */; };
		03850BAB1DF91D03004FB375 /* Main.storyboard in Resources */ = {isa = PBXBuildFile; fileRef = 03850BA91DF91D03004FB375 /* Main.storyboard */; };
		03850BAD1DF91D03004FB375 /* Assets.xcassets in Resources */ = {isa = PBXBuildFile; fileRef = 03850BAC1DF91D03004FB375 /* Assets.xcassets */; };
		03850BB01DF91D03004FB375 /* LaunchScreen.storyboard in Resources */ = {isa = PBXBuildFile; fileRef = 03850BAE1DF91D03004FB375 /* LaunchScreen.storyboard */; };
/* End PBXBuildFile section */

/* Begin PBXFileReference section */
		03850B9D1DF91D03004FB375 /* GetSmashed2.app */ = {isa = PBXFileReference; explicitFileType = wrapper.application; includeInIndex = 0; path = GetSmashed2.app; sourceTree = BUILT_PRODUCTS_DIR; };
		03850BA11DF91D03004FB375 /* main.m */ = {isa = PBXFileReference; lastKnownFileType = sourcecode.c.objc; path = main.m; sourceTree = "<group>"; };
		03850BA31DF91D03004FB375 /* AppDelegate.h */ = {isa = PBXFileReference; lastKnownFileType = sourcecode.c.h; path = AppDelegate.h; sourceTree = "<group>"; };
		03850BA41DF91D03004FB375 /* AppDelegate.m */ = {isa = PBXFileReference; lastKnownFileType = sourcecode.c.objc; path = AppDelegate.m; sourceTree = "<group>"; };
		03850BA61DF91D03004FB375 /* ViewController.h */ = {isa = PBXFileReference; lastKnownFileType = sourcecode.c.h; path = ViewController.h; sourceTree = "<group>"; };
		03850BA71DF91D03004FB375 /* ViewController.m */ = {isa = PBXFileReference; lastKnownFileType = sourcecode.c.objc; path = ViewController.m; sourceTree = "<group>"; };
		03850BAA1DF91D03004FB375 /* Base */ = {isa = PBXFileReference; lastKnownFileType = file.storyboard; name = Base; path = Base.lproj/Main.storyboard; sourceTree = "<group>"; };
		03850BAC1DF91D03004FB375 /* Assets.xcassets */ = {isa = PBXFileReference; lastKnownFileType = folder.assetcatalog; path = Assets.xcassets; sourceTree = "<group>"; };
		03850BAF1DF91D03004FB375 /* Base */ = {isa = PBXFileReference; lastKnownFileType = file.storyboard; name = Base; path = Base.lproj/LaunchScreen.storyboard; sourceTree = "<group>"; };
		03850BB11DF91D03004FB375 /* Info.plist */ = {isa = PBXFileReference; lastKnownFileType = text.plist.xml; path = Info.plist; sourceTree = "<group>"; };
/* End PBXFileReference section */

/* Begin PBXFrameworksBuildPhase section */
		03850B9A1DF91D03004FB375 /* Frameworks */ = {
			isa = PBXFrameworksBuildPhase;
			buildActionMask = 2147483647;
			files = (
			);
			runOnlyForDeploymentPostprocessing = 0;
		};
/* End PBXFrameworksBuildPhase section */

/* Begin PBXGroup section */
		03850B941DF91D03004FB375 = {
			isa = PBXGroup;
			children = (
				03850B9F1DF91D03004FB375 /* GetSmashed2 */,
				03850B9E1DF91D03004FB375 /* Products */,
			);
			sourceTree = "<group>";
		};
		03850B9E1DF91D03004FB375 /* Products */ = {
			isa = PBXGroup;
			children = (
				03850B9D1DF91D03004FB375 /* GetSmashed2.app */,
			);
			name = Products;
			sourceTree = "<group>";
		};
		03850B9F1DF91D03004FB375 /* GetSmashed2 */ = {
			isa = PBXGroup;
			children = (
				03850BA31DF91D03004FB375 /* AppDelegate.h */,
				03850BA41DF91D03004FB375 /* AppDelegate.m */,
				03850BA61DF91D03004FB375 /* ViewController.h */,
				03850BA71DF91D03004FB375 /* ViewController.m */,
				03850BA91DF91D03004FB375 /* Main.storyboard */,
				03850BAC1DF91D03004FB375 /* Assets.xcassets */,
				03850BAE1DF91D03004FB375 /* LaunchScreen.storyboard */,
				03850BB11DF91D03004FB375 /* Info.plist */,
				03850BA01DF91D03004FB375 /* Supporting Files */,
			);
			path = GetSmashed2;
			sourceTree = "<group>";
		};
		03850BA01DF91D03004FB375 /* Supporting Files */ = {
			isa = PBXGroup;
			children = (
				03850BA11DF91D03004FB375 /* main.m */,
			);
			name = "Supporting Files";
			sourceTree = "<group>";
		};
/* End PBXGroup section */

/* Begin PBXNativeTarget section */
		03850B9C1DF91D03004FB375 /* GetSmashed2 */ = {
			isa = PBXNativeTarget;
			buildConfigurationList = 03850BB41DF91D03004FB375 /* Build configuration list for PBXNativeTarget "GetSmashed2" */;
			buildPhases = (
				03850B991DF91D03004FB375 /* Sources */,
				03850B9A1DF91D03004FB375 /* Frameworks */,
				03850B9B1DF91D03004FB375 /* Resources */,
			);
			buildRules = (
			);
			dependencies = (
			);
			name = GetSmashed2;
			productName = GetSmashed2;
			productReference = 03850B9D1DF91D03004FB375 /* GetSmashed2.app */;
			productType = "com.apple.product-type.application";
		};
/* End PBXNativeTarget section */

/* Begin PBXProject section */
		03850B951DF91D03004FB375 /* Project object */ = {
			isa = PBXProject;
			attributes = {
				LastUpgradeCheck = 0810;
				ORGANIZATIONNAME = "Sabir Saluja";
				TargetAttributes = {
					03850B9C1DF91D03004FB375 = {
						CreatedOnToolsVersion = 8.1;
						ProvisioningStyle = Automatic;
					};
				};
			};
			buildConfigurationList = 03850B981DF91D03004FB375 /* Build configuration list for PBXProject "GetSmashed2" */;
			compatibilityVersion = "Xcode 3.2";
			developmentRegion = English;
			hasScannedForEncodings = 0;
			knownRegions = (
				en,
				Base,
			);
			mainGroup = 03850B941DF91D03004FB375;
			productRefGroup = 03850B9E1DF91D03004FB375 /* Products */;
			projectDirPath = "";
			projectRoot = "";
			targets = (
				03850B9C1DF91D03004FB375 /* GetSmashed2 */,
			);
		};
/* End PBXProject section */

/* Begin PBXResourcesBuildPhase section */
		03850B9B1DF91D03004FB375 /* Resources */ = {
			isa = PBXResourcesBuildPhase;
			buildActionMask = 2147483647;
			files = (
				03850BB01DF91D03004FB375 /* LaunchScreen.storyboard in Resources */,
				03850BAD1DF91D03004FB375 /* Assets.xcassets in Resources */,
				03850BAB1DF91D03004FB375 /* Main.storyboard in Resources */,
			);
			runOnlyForDeploymentPostprocessing = 0;
		};
/* End PBXResourcesBuildPhase section */

/* Begin PBXSourcesBuildPhase section */
		03850B991DF91D03004FB375 /* Sources */ = {
			isa = PBXSourcesBuildPhase;
			buildActionMask = 2147483647;
			files = (
				03850BA81DF91D03004FB375 /* ViewController.m in Sources */,
				03850BA51DF91D03004FB375 /* AppDelegate.m in Sources */,
				03850BA21DF91D03004FB375 /* main.m in Sources */,
			);
			runOnlyForDeploymentPostprocessing = 0;
		};
/* End PBXSourcesBuildPhase section */

/* Begin PBXVariantGroup section */
		03850BA91DF91D03004FB375 /* Main.storyboard */ = {
			isa = PBXVariantGroup;
			children = (
				03850BAA1DF91D03004FB375 /* Base */,
			);
			name = Main.storyboard;
			sourceTree = "<group>";
		};
		03850BAE1DF91D03004FB375 /* LaunchScreen.storyboard */ = {
			isa = PBXVariantGroup;
			children = (
				03850BAF1DF91D03004FB375 /* Base */,
			);
			name = LaunchScreen.storyboard;
			sourceTree = "<group>";
		};
/* End PBXVariantGroup section */

/* Begin XCBuildConfiguration section */
		03850BB21DF91D03004FB375 /* Debug */ = {
			isa = XCBuildConfiguration;
			buildSettings = {
				ALWAYS_SEARCH_USER_PATHS = NO;
				CLANG_ANALYZER_NONNULL = YES;
				CLANG_CXX_LANGUAGE_STANDARD = "gnu++0x";
				CLANG_CXX_LIBRARY = "libc++";
				CLANG_ENABLE_MODULES = YES;
				CLANG_ENABLE_OBJC_ARC = YES;
				CLANG_WARN_BOOL_CONVERSION = YES;
				CLANG_WARN_CONSTANT_CONVERSION = YES;
				CLANG_WARN_DIRECT_OBJC_ISA_USAGE = YES_ERROR;
				CLANG_WARN_DOCUMENTATION_COMMENTS = YES;
				CLANG_WARN_EMPTY_BODY = YES;
				CLANG_WARN_ENUM_CONVERSION = YES;
				CLANG_WARN_INFINITE_RECURSION = YES;
				CLANG_WARN_INT_CONVERSION = YES;
				CLANG_WARN_OBJC_ROOT_CLASS = YES_ERROR;
				CLANG_WARN_SUSPICIOUS_MOVES = YES;
				CLANG_WARN_UNREACHABLE_CODE = YES;
				CLANG_WARN__DUPLICATE_METHOD_MATCH = YES;
				"CODE_SIGN_IDENTITY[sdk=iphoneos*]" = "iPhone Developer";
				COPY_PHASE_STRIP = NO;
				DEBUG_INFORMATION_FORMAT = dwarf;
				ENABLE_STRICT_OBJC_MSGSEND = YES;
				ENABLE_TESTABILITY = YES;
				GCC_C_LANGUAGE_STANDARD = gnu99;
				GCC_DYNAMIC_NO_PIC = NO;
				GCC_NO_COMMON_BLOCKS = YES;
				GCC_OPTIMIZATION_LEVEL = 0;
				GCC_PREPROCESSOR_DEFINITIONS = (
					"DEBUG=1",
					"$(inherited)",
				);
				GCC_WARN_64_TO_32_BIT_CONVERSION = YES;
				GCC_WARN_ABOUT_RETURN_TYPE = YES_ERROR;
				GCC_WARN_UNDECLARED_SELECTOR = YES;
				GCC_WARN_UNINITIALIZED_AUTOS = YES_AGGRESSIVE;
				GCC_WARN_UNUSED_FUNCTION = YES;
				GCC_WARN_UNUSED_VARIABLE = YES;
				IPHONEOS_DEPLOYMENT_TARGET = 10.1;
				MTL_ENABLE_DEBUG_INFO = YES;
				ONLY_ACTIVE_ARCH = YES;
				SDKROOT = iphoneos;
				TARGETED_DEVICE_FAMILY = "1,2";
			};
			name = Debug;
		};
		03850BB31DF91D03004FB375 /* Release */ = {
			isa = XCBuildConfiguration;
			buildSettings = {
				ALWAYS_SEARCH_USER_PATHS = NO;
				CLANG_ANALYZER_NONNULL = YES;
				CLANG_CXX_LANGUAGE_STANDARD = "gnu++0x";
				CLANG_CXX_LIBRARY = "libc++";
				CLANG_ENABLE_MODULES = YES;
				CLANG_ENABLE_OBJC_ARC = YES;
				CLANG_WARN_BOOL_CONVERSION = YES;
				CLANG_WARN_CONSTANT_CONVERSION = YES;
				CLANG_WARN_DIRECT_OBJC_ISA_USAGE = YES_ERROR;
				CLANG_WARN_DOCUMENTATION_COMMENTS = YES;
				CLANG_WARN_EMPTY_BODY = YES;
				CLANG_WARN_ENUM_CONVERSION = YES;
				CLANG_WARN_INFINITE_RECURSION = YES;
				CLANG_WARN_INT_CONVERSION = YES;
				CLANG_WARN_OBJC_ROOT_CLASS = YES_ERROR;
				CLANG_WARN_SUSPICIOUS_MOVES = YES;
				CLANG_WARN_UNREACHABLE_CODE = YES;
				CLANG_WARN__DUPLICATE_METHOD_MATCH = YES;
				"CODE_SIGN_IDENTITY[sdk=iphoneos*]" = "iPhone Developer";
				COPY_PHASE_STRIP = NO;
				DEBUG_INFORMATION_FORMAT = "dwarf-with-dsym";
				ENABLE_NS_ASSERTIONS = NO;
				ENABLE_STRICT_OBJC_MSGSEND = YES;
				GCC_C_LANGUAGE_STANDARD = gnu99;
				GCC_NO_COMMON_BLOCKS = YES;
				GCC_WARN_64_TO_32_BIT_CONVERSION = YES;
				GCC_WARN_ABOUT_RETURN_TYPE = YES_ERROR;
				GCC_WARN_UNDECLARED_SELECTOR = YES;
				GCC_WARN_UNINITIALIZED_AUTOS = YES_AGGRESSIVE;
				GCC_WARN_UNUSED_FUNCTION = YES;
				GCC_WARN_UNUSED_VARIABLE = YES;
				IPHONEOS_DEPLOYMENT_TARGET = 10.1;
				MTL_ENABLE_DEBUG_INFO = NO;
				SDKROOT = iphoneos;
				TARGETED_DEVICE_FAMILY = "1,2";
				VALIDATE_PRODUCT = YES;
			};
			name = Release;
		};
		03850BB51DF91D03004FB375 /* Debug */ = {
			isa = XCBuildConfiguration;
			buildSettings = {
				ASSETCATALOG_COMPILER_APPICON_NAME = AppIcon;
				INFOPLIST_FILE = GetSmashed2/Info.plist;
				LD_RUNPATH_SEARCH_PATHS = "$(inherited) @executable_path/Frameworks";
				PRODUCT_BUNDLE_IDENTIFIER = SabCo.GetSmashed2;
				PRODUCT_NAME = "$(TARGET_NAME)";
			};
			name = Debug;
		};
		03850BB61DF91D03004FB375 /* Release */ = {
			isa = XCBuildConfiguration;
			buildSettings = {
				ASSETCATALOG_COMPILER_APPICON_NAME = AppIcon;
				INFOPLIST_FILE = GetSmashed2/Info.plist;
				LD_RUNPATH_SEARCH_PATHS = "$(inherited) @executable_path/Frameworks";
				PRODUCT_BUNDLE_IDENTIFIER = SabCo.GetSmashed2;
				PRODUCT_NAME = "$(TARGET_NAME)";
			};
			name = Release;
		};
/* End XCBuildConfiguration section */

/* Begin XCConfigurationList section */
		03850B981DF91D03004FB375 /* Build configuration list for PBXProject "GetSmashed2" */ = {
			isa = XCConfigurationList;
			buildConfigurations = (
				03850BB21DF91D03004FB375 /* Debug */,
				03850BB31DF91D03004FB375 /* Release */,
			);
			defaultConfigurationIsVisible = 0;
			defaultConfigurationName = Release;
		};
		03850BB41DF91D03004FB375 /* Build configuration list for PBXNativeTarget "GetSmashed2" */ = {
			isa = XCConfigurationList;
			buildConfigurations = (
				03850BB51DF91D03004FB375 /* Debug */,
				03850BB61DF91D03004FB375 /* Release */,
			);
			defaultConfigurationIsVisible = 0;
		};
/* End XCConfigurationList section */
	};
	rootObject = 03850B951DF91D03004FB375 /* Project object */;
}
